
Microsoft Visual Studio Solution File, Format Version 12.00
# Visual Studio Version 17
VisualStudioVersion = 17.14.36518.9
MinimumVisualStudioVersion = 10.0.40219.1
Project("{FAE04EC0-301F-11D3-BF4B-00C04F79EFBC}") = "Capa_Presentacion", "Proyecto_Entregable\Capa_Presentacion.csproj", "{CF3F2A05-0EE8-456D-A336-72A3F6CCA062}"
EndProject
Project("{FAE04EC0-301F-11D3-BF4B-00C04F79EFBC}") = "Capa_Datos", "Capa_Datos\Capa_Datos.csproj", "{F85C147F-B732-434A-A10E-4DDC5AD6652F}"
EndProject
Project("{FAE04EC0-301F-11D3-BF4B-00C04F79EFBC}") = "Capa_Negocio", "Capa_Negocio\Capa_Negocio.csproj", "{0E991504-7E0C-4404-BDAC-85634104CCE8}"
EndProject
Global
	GlobalSection(SolutionConfigurationPlatforms) = preSolution
		Debug|Any CPU = Debug|Any CPU
		Release|Any CPU = Release|Any CPU
	EndGlobalSection
	GlobalSection(ProjectConfigurationPlatforms) = postSolution
		{CF3F2A05-0EE8-456D-A336-72A3F6CCA062}.Debug|Any CPU.ActiveCfg = Debug|Any CPU
		{CF3F2A05-0EE8-456D-A336-72A3F6CCA062}.Debug|Any CPU.Build.0 = Debug|Any CPU
		{CF3F2A05-0EE8-456D-A336-72A3F6CCA062}.Release|Any CPU.ActiveCfg = Release|Any CPU
		{CF3F2A05-0EE8-456D-A336-72A3F6CCA062}.Release|Any CPU.Build.0 = Release|Any CPU
		{F85C147F-B732-434A-A10E-4DDC5AD6652F}.Debug|Any CPU.ActiveCfg = Debug|Any CPU
		{F85C147F-B732-434A-A10E-4DDC5AD6652F}.Debug|Any CPU.Build.0 = Debug|Any CPU
		{F85C147F-B732-434A-A10E-4DDC5AD6652F}.Release|Any CPU.ActiveCfg = Release|Any CPU
		{F85C147F-B732-434A-A10E-4DDC5AD6652F}.Release|Any CPU.Build.0 = Release|Any CPU
		{0E991504-7E0C-4404-BDAC-85634104CCE8}.Debug|Any CPU.ActiveCfg = Debug|Any CPU
		{0E991504-7E0C-4404-BDAC-85634104CCE8}.Debug|Any CPU.Build.0 = Debug|Any CPU
		{0E991504-7E0C-4404-BDAC-85634104CCE8}.Release|Any CPU.ActiveCfg = Release|Any CPU
		{0E991504-7E0C-4404-BDAC-85634104CCE8}.Release|Any CPU.Build.0 = Release|Any CPU
	EndGlobalSection
	GlobalSection(SolutionProperties) = preSolution
		HideSolutionNode = FALSE
	EndGlobalSection
	GlobalSection(ExtensibilityGlobals) = postSolution
		SolutionGuid = {E60B789F-9448-41D5-96C3-0CEB45BD7460}
	EndGlobalSection
EndGlobal
